{
  "version": 4,
  "terraform_version": "1.14.7",
  "serial": 59,
  "lineage": "e53527dd-5b20-bb6b-dc9a-aef1ea7d3fa3",
  "outputs": {
    "azurerm_network_interface_nic_id": {
      "value": "/subscriptions/0341e5b5-7768-47b1-9686-d4a1b9b9f581/resourceGroups/rg-casopractico2/providers/Microsoft.Network/networkInterfaces/vm-nic",
      "type": "string"
    },
    "public_ip_address": {
      "value": "20.240.40.96",
      "type": "string"
    },
    "public_ip_address_id": {
      "value": "/subscriptions/0341e5b5-7768-47b1-9686-d4a1b9b9f581/resourceGroups/rg-casopractico2/providers/Microsoft.Network/publicIPAddresses/vmpublicip1",
      "type": "string"
    },
    "resource_group_id": {
      "value": "/subscriptions/0341e5b5-7768-47b1-9686-d4a1b9b9f581/resourceGroups/rg-casopractico2",
      "type": "string"
    }
  },
  "resources": [
    {
      "mode": "managed",
      "type": "azurerm_container_registry",
      "name": "acr",
      "provider": "provider[\"registry.terraform.io/hashicorp/azurerm\"]",
      "instances": [
        {
          "schema_version": 2,
          "attributes": {
            "admin_enabled": true,
            "admin_password": "CdTEvwm7UywkdUAcuMnH5kg9MTjHork720FpuelTTDxPI1QJBteZJQQJ99CCACfhMk5Eqg7NAAACAZCRODML",
            "admin_username": "containerRegistryCP2",
            "anonymous_pull_enabled": false,
            "data_endpoint_enabled": false,
            "encryption": [
              {
                "enabled": false,
                "identity_client_id": "",
                "key_vault_key_id": ""
              }
            ],
            "export_policy_enabled": true,
            "georeplications": [],
            "id": "/subscriptions/0341e5b5-7768-47b1-9686-d4a1b9b9f581/resourceGroups/rg-casopractico2/providers/Microsoft.ContainerRegistry/registries/containerRegistryCP2",
            "identity": [],
            "location": "swedencentral",
            "login_server": "containerregistrycp2.azurecr.io",
            "name": "containerRegistryCP2",
            "network_rule_bypass_option": "AzureServices",
            "network_rule_set": [],
            "public_network_access_enabled": true,
            "quarantine_policy_enabled": false,
            "resource_group_name": "rg-casopractico2",
            "retention_policy": [
              {
                "days": 7,
                "enabled": false
              }
            ],
            "sku": "Basic",
            "tags": {
              "environment": "casopractico2"
            },
            "timeouts": null,
            "trust_policy": [
              {
                "enabled": false
              }
            ],
            "zone_redundancy_enabled": false
          },
          "sensitive_attributes": [
            [
              {
                "type": "get_attr",
                "value": "admin_password"
              }
            ]
          ],
          "identity_schema_version": 0,
          "private": "eyJlMmJmYjczMC1lY2FhLTExZTYtOGY4OC0zNDM2M2JjN2M0YzAiOnsiY3JlYXRlIjoxODAwMDAwMDAwMDAwLCJkZWxldGUiOjE4MDAwMDAwMDAwMDAsInJlYWQiOjMwMDAwMDAwMDAwMCwidXBkYXRlIjoxODAwMDAwMDAwMDAwfSwic2NoZW1hX3ZlcnNpb24iOiIyIn0=",
          "dependencies": [
            "azurerm_resource_group.rg"
          ]
        }
      ]
    },
    {
      "mode": "managed",
      "type": "azurerm_linux_virtual_machine",
      "name": "vm",
      "provider": "provider[\"registry.terraform.io/hashicorp/azurerm\"]",
      "instances": [
        {
          "schema_version": 0,
          "attributes": {
            "additional_capabilities": [],
            "admin_password": null,
            "admin_ssh_key": [
              {
                "public_key": "ssh-rsa AAAAB3NzaC1yc2EAAAADAQABAAABgQDF+BbZuIvyPb5UVWwvlvZYxMMwnwRUz17tpN4dal8OSXRZzmyhIbeLVhKJc4JOQu40eYY83VnotMx0p3/QJJG0JZTth9xIitFRJRvhRFXxaNYSMaxUcMOonjUTZdQL8Ft7+ApRBxb1hfksVEz0DmGS4HuKyGrEAPFv7KHTDoT6Ud8KQyCi4sV5uSguGJ6xRUFyfvj5iIzNkwO4gaUyAj5PZNB7bkR01Iu+jmpG5yBvyoXyG/TFcqfOjsEc7yNgFvl405cuWWjsVDN+EGpeMpDt5rPciCtvCFsMLjYrdp5cxVtSa4sOPsPo/1rG7sFPextBHiAK+bLSGi163Yglk7DqfOR3EXnAIQU00rp646GSXABa6RcHk+tLBDbMRGjnDT/sdpApsWUP9ItSg6Uj4eOm9ywxfsQRQdlfmLLf5Jalu+rDQMCWxKvCJOBrqCJPcnx5S7F8giSxW/FD3+35FHyPYKVsWBS1hNbpmfIKers7PFuErxsbcd/kl3eVSHTvhC0= kokomac@MacBook-Pro-de-Jorge.local\n",
                "username": "azureuser"
              }
            ],
            "admin_username": "azureuser",
            "allow_extension_operations": true,
            "availability_set_id": "",
            "boot_diagnostics": [],
            "bypass_platform_safety_checks_on_user_schedule_enabled": false,
            "capacity_reservation_group_id": "",
            "computer_name": "Azure-vm",
            "custom_data": null,
            "dedicated_host_group_id": "",
            "dedicated_host_id": "",
            "disable_password_authentication": true,
            "disk_controller_type": "",
            "edge_zone": "",
            "encryption_at_host_enabled": false,
            "eviction_policy": "",
            "extensions_time_budget": "PT1H30M",
            "gallery_application": [],
            "id": "/subscriptions/0341e5b5-7768-47b1-9686-d4a1b9b9f581/resourceGroups/rg-casopractico2/providers/Microsoft.Compute/virtualMachines/Azure-vm",
            "identity": [],
            "license_type": "",
            "location": "swedencentral",
            "max_bid_price": -1,
            "name": "Azure-vm",
            "network_interface_ids": [
              "/subscriptions/0341e5b5-7768-47b1-9686-d4a1b9b9f581/resourceGroups/rg-casopractico2/providers/Microsoft.Network/networkInterfaces/vm-nic"
            ],
            "os_disk": [
              {
                "caching": "ReadWrite",
                "diff_disk_settings": [],
                "disk_encryption_set_id": "",
                "disk_size_gb": 30,
                "name": "Azure-vm_disk1_4fab1eb1b2574318b4ef8018b400aa19",
                "secure_vm_disk_encryption_set_id": "",
                "security_encryption_type": "",
                "storage_account_type": "Standard_LRS",
                "write_accelerator_enabled": false
              }
            ],
            "os_image_notification": [],
            "patch_assessment_mode": "ImageDefault",
            "patch_mode": "ImageDefault",
            "plan": [],
            "platform_fault_domain": -1,
            "priority": "Regular",
            "private_ip_address": "10.0.1.10",
            "private_ip_addresses": [
              "10.0.1.10"
            ],
            "provision_vm_agent": true,
            "proximity_placement_group_id": "",
            "public_ip_address": "20.240.40.96",
            "public_ip_addresses": [
              "20.240.40.96"
            ],
            "reboot_setting": "",
            "resource_group_name": "rg-casopractico2",
            "secret": [],
            "secure_boot_enabled": false,
            "size": "Standard_B2als_v2",
            "source_image_id": "",
            "source_image_reference": [
              {
                "offer": "0001-com-ubuntu-server-jammy",
                "publisher": "Canonical",
                "sku": "22_04-lts",
                "version": "latest"
              }
            ],
            "tags": {
              "environment": "casopractico2"
            },
            "termination_notification": null,
            "timeouts": null,
            "user_data": "",
            "virtual_machine_id": "6844dab6-2d91-41a6-a5a5-b82186f2b9a9",
            "virtual_machine_scale_set_id": "",
            "vm_agent_platform_updates_enabled": false,
            "vtpm_enabled": false,
            "zone": ""
          },
          "sensitive_attributes": [
            [
              {
                "type": "get_attr",
                "value": "admin_password"
              }
            ],
            [
              {
                "type": "get_attr",
                "value": "custom_data"
              }
            ]
          ],
          "identity_schema_version": 0,
          "private": "eyJlMmJmYjczMC1lY2FhLTExZTYtOGY4OC0zNDM2M2JjN2M0YzAiOnsiY3JlYXRlIjoyNzAwMDAwMDAwMDAwLCJkZWxldGUiOjI3MDAwMDAwMDAwMDAsInJlYWQiOjMwMDAwMDAwMDAwMCwidXBkYXRlIjoyNzAwMDAwMDAwMDAwfX0=",
          "dependencies": [
            "azurerm_network_interface.nic",
            "azurerm_public_ip.mypublicIp1",
            "azurerm_resource_group.rg",
            "azurerm_subnet.sn",
            "azurerm_virtual_network.vn"
          ]
        }
      ]
    },
    {
      "mode": "managed",
      "type": "azurerm_network_interface",
      "name": "nic",
      "provider": "provider[\"registry.terraform.io/hashicorp/azurerm\"]",
      "instances": [
        {
          "schema_version": 0,
          "attributes": {
            "accelerated_networking_enabled": false,
            "applied_dns_servers": [],
            "auxiliary_mode": "",
            "auxiliary_sku": "",
            "dns_servers": [],
            "edge_zone": "",
            "enable_accelerated_networking": false,
            "enable_ip_forwarding": false,
            "id": "/subscriptions/0341e5b5-7768-47b1-9686-d4a1b9b9f581/resourceGroups/rg-casopractico2/providers/Microsoft.Network/networkInterfaces/vm-nic",
            "internal_dns_name_label": "",
            "internal_domain_name_suffix": "fwttzat1crfudm1qlebn5roeja.gvxx.internal.cloudapp.net",
            "ip_configuration": [
              {
                "gateway_load_balancer_frontend_ip_configuration_id": "",
                "name": "internal-network",
                "primary": true,
                "private_ip_address": "10.0.1.10",
                "private_ip_address_allocation": "Static",
                "private_ip_address_version": "IPv4",
                "public_ip_address_id": "/subscriptions/0341e5b5-7768-47b1-9686-d4a1b9b9f581/resourceGroups/rg-casopractico2/providers/Microsoft.Network/publicIPAddresses/vmpublicip1",
                "subnet_id": "/subscriptions/0341e5b5-7768-47b1-9686-d4a1b9b9f581/resourceGroups/rg-casopractico2/providers/Microsoft.Network/virtualNetworks/virtual-network/subnets/internal-subnet"
              }
            ],
            "ip_forwarding_enabled": false,
            "location": "swedencentral",
            "mac_address": "",
            "name": "vm-nic",
            "private_ip_address": "10.0.1.10",
            "private_ip_addresses": [
              "10.0.1.10"
            ],
            "resource_group_name": "rg-casopractico2",
            "tags": {
              "environment": "casopractico2"
            },
            "timeouts": null,
            "virtual_machine_id": ""
          },
          "sensitive_attributes": [],
          "identity_schema_version": 0,
          "private": "eyJlMmJmYjczMC1lY2FhLTExZTYtOGY4OC0zNDM2M2JjN2M0YzAiOnsiY3JlYXRlIjoxODAwMDAwMDAwMDAwLCJkZWxldGUiOjE4MDAwMDAwMDAwMDAsInJlYWQiOjMwMDAwMDAwMDAwMCwidXBkYXRlIjoxODAwMDAwMDAwMDAwfX0=",
          "dependencies": [
            "azurerm_public_ip.mypublicIp1",
            "azurerm_resource_group.rg",
            "azurerm_subnet.sn",
            "azurerm_virtual_network.vn"
          ]
        }
      ]
    },
    {
      "mode": "managed",
      "type": "azurerm_network_interface_security_group_association",
      "name": "mySecurityGroupAssociation1",
      "provider": "provider[\"registry.terraform.io/hashicorp/azurerm\"]",
      "instances": [
        {
          "schema_version": 0,
          "attributes": {
            "id": "/subscriptions/0341e5b5-7768-47b1-9686-d4a1b9b9f581/resourceGroups/rg-casopractico2/providers/Microsoft.Network/networkInterfaces/vm-nic|/subscriptions/0341e5b5-7768-47b1-9686-d4a1b9b9f581/resourceGroups/rg-casopractico2/providers/Microsoft.Network/networkSecurityGroups/sshtraffic",
            "network_interface_id": "/subscriptions/0341e5b5-7768-47b1-9686-d4a1b9b9f581/resourceGroups/rg-casopractico2/providers/Microsoft.Network/networkInterfaces/vm-nic",
            "network_security_group_id": "/subscriptions/0341e5b5-7768-47b1-9686-d4a1b9b9f581/resourceGroups/rg-casopractico2/providers/Microsoft.Network/networkSecurityGroups/sshtraffic",
            "timeouts": null
          },
          "sensitive_attributes": [],
          "identity_schema_version": 0,
          "private": "eyJlMmJmYjczMC1lY2FhLTExZTYtOGY4OC0zNDM2M2JjN2M0YzAiOnsiY3JlYXRlIjoxODAwMDAwMDAwMDAwLCJkZWxldGUiOjE4MDAwMDAwMDAwMDAsInJlYWQiOjMwMDAwMDAwMDAwMH19",
          "dependencies": [
            "azurerm_network_interface.nic",
            "azurerm_network_security_group.mySecurityGroup",
            "azurerm_public_ip.mypublicIp1",
            "azurerm_resource_group.rg",
            "azurerm_subnet.sn",
            "azurerm_virtual_network.vn"
          ]
        }
      ]
    },
    {
      "mode": "managed",
      "type": "azurerm_network_security_group",
      "name": "mySecurityGroup",
      "provider": "provider[\"registry.terraform.io/hashicorp/azurerm\"]",
      "instances": [
        {
          "schema_version": 0,
          "attributes": {
            "id": "/subscriptions/0341e5b5-7768-47b1-9686-d4a1b9b9f581/resourceGroups/rg-casopractico2/providers/Microsoft.Network/networkSecurityGroups/sshtraffic",
            "location": "swedencentral",
            "name": "sshtraffic",
            "resource_group_name": "rg-casopractico2",
            "security_rule": [
              {
                "access": "Allow",
                "description": "",
                "destination_address_prefix": "*",
                "destination_address_prefixes": [],
                "destination_application_security_group_ids": [],
                "destination_port_range": "22",
                "destination_port_ranges": [],
                "direction": "Inbound",
                "name": "ssh",
                "priority": 1001,
                "protocol": "Tcp",
                "source_address_prefix": "*",
                "source_address_prefixes": [],
                "source_application_security_group_ids": [],
                "source_port_range": "*",
                "source_port_ranges": []
              }
            ],
            "tags": {
              "environment": "casopractico2"
            },
            "timeouts": null
          },
          "sensitive_attributes": [],
          "identity_schema_version": 0,
          "private": "eyJlMmJmYjczMC1lY2FhLTExZTYtOGY4OC0zNDM2M2JjN2M0YzAiOnsiY3JlYXRlIjoxODAwMDAwMDAwMDAwLCJkZWxldGUiOjE4MDAwMDAwMDAwMDAsInJlYWQiOjMwMDAwMDAwMDAwMCwidXBkYXRlIjoxODAwMDAwMDAwMDAwfX0=",
          "dependencies": [
            "azurerm_network_interface.nic",
            "azurerm_public_ip.mypublicIp1",
            "azurerm_resource_group.rg",
            "azurerm_subnet.sn",
            "azurerm_virtual_network.vn"
          ]
        }
      ]
    },
    {
      "mode": "managed",
      "type": "azurerm_public_ip",
      "name": "mypublicIp1",
      "provider": "provider[\"registry.terraform.io/hashicorp/azurerm\"]",
      "instances": [
        {
          "schema_version": 0,
          "attributes": {
            "allocation_method": "Static",
            "ddos_protection_mode": "VirtualNetworkInherited",
            "ddos_protection_plan_id": null,
            "domain_name_label": null,
            "edge_zone": "",
            "fqdn": null,
            "id": "/subscriptions/0341e5b5-7768-47b1-9686-d4a1b9b9f581/resourceGroups/rg-casopractico2/providers/Microsoft.Network/publicIPAddresses/vmpublicip1",
            "idle_timeout_in_minutes": 4,
            "ip_address": "20.240.40.96",
            "ip_tags": null,
            "ip_version": "IPv4",
            "location": "swedencentral",
            "name": "vmpublicip1",
            "public_ip_prefix_id": null,
            "resource_group_name": "rg-casopractico2",
            "reverse_fqdn": null,
            "sku": "Standard",
            "sku_tier": "Regional",
            "tags": {
              "environment": "casopractico2"
            },
            "timeouts": null,
            "zones": null
          },
          "sensitive_attributes": [],
          "identity_schema_version": 0,
          "private": "eyJlMmJmYjczMC1lY2FhLTExZTYtOGY4OC0zNDM2M2JjN2M0YzAiOnsiY3JlYXRlIjoxODAwMDAwMDAwMDAwLCJkZWxldGUiOjE4MDAwMDAwMDAwMDAsInJlYWQiOjMwMDAwMDAwMDAwMCwidXBkYXRlIjoxODAwMDAwMDAwMDAwfX0=",
          "dependencies": [
            "azurerm_resource_group.rg",
            "azurerm_virtual_network.vn"
          ]
        }
      ]
    },
    {
      "mode": "managed",
      "type": "azurerm_resource_group",
      "name": "rg",
      "provider": "provider[\"registry.terraform.io/hashicorp/azurerm\"]",
      "instances": [
        {
          "schema_version": 0,
          "attributes": {
            "id": "/subscriptions/0341e5b5-7768-47b1-9686-d4a1b9b9f581/resourceGroups/rg-casopractico2",
            "location": "swedencentral",
            "managed_by": "",
            "name": "rg-casopractico2",
            "tags": {
              "environment": "casopractico2"
            },
            "timeouts": null
          },
          "sensitive_attributes": [],
          "identity_schema_version": 0,
          "private": "eyJlMmJmYjczMC1lY2FhLTExZTYtOGY4OC0zNDM2M2JjN2M0YzAiOnsiY3JlYXRlIjo1NDAwMDAwMDAwMDAwLCJkZWxldGUiOjU0MDAwMDAwMDAwMDAsInJlYWQiOjMwMDAwMDAwMDAwMCwidXBkYXRlIjo1NDAwMDAwMDAwMDAwfX0="
        }
      ]
    },
    {
      "mode": "managed",
      "type": "azurerm_subnet",
      "name": "sn",
      "provider": "provider[\"registry.terraform.io/hashicorp/azurerm\"]",
      "instances": [
        {
          "schema_version": 0,
          "attributes": {
            "address_prefixes": [
              "10.0.1.0/24"
            ],
            "default_outbound_access_enabled": true,
            "delegation": [],
            "enforce_private_link_endpoint_network_policies": false,
            "enforce_private_link_service_network_policies": false,
            "id": "/subscriptions/0341e5b5-7768-47b1-9686-d4a1b9b9f581/resourceGroups/rg-casopractico2/providers/Microsoft.Network/virtualNetworks/virtual-network/subnets/internal-subnet",
            "name": "internal-subnet",
            "private_endpoint_network_policies": "Enabled",
            "private_endpoint_network_policies_enabled": true,
            "private_link_service_network_policies_enabled": true,
            "resource_group_name": "rg-casopractico2",
            "service_endpoint_policy_ids": null,
            "service_endpoints": null,
            "timeouts": null,
            "virtual_network_name": "virtual-network"
          },
          "sensitive_attributes": [],
          "identity_schema_version": 0,
          "private": "eyJlMmJmYjczMC1lY2FhLTExZTYtOGY4OC0zNDM2M2JjN2M0YzAiOnsiY3JlYXRlIjoxODAwMDAwMDAwMDAwLCJkZWxldGUiOjE4MDAwMDAwMDAwMDAsInJlYWQiOjMwMDAwMDAwMDAwMCwidXBkYXRlIjoxODAwMDAwMDAwMDAwfX0=",
          "dependencies": [
            "azurerm_resource_group.rg",
            "azurerm_virtual_network.vn"
          ]
        }
      ]
    },
    {
      "mode": "managed",
      "type": "azurerm_virtual_network",
      "name": "vn",
      "provider": "provider[\"registry.terraform.io/hashicorp/azurerm\"]",
      "instances": [
        {
          "schema_version": 0,
          "attributes": {
            "address_space": [
              "10.0.0.0/16"
            ],
            "bgp_community": "",
            "ddos_protection_plan": [],
            "dns_servers": [],
            "edge_zone": "",
            "encryption": [],
            "flow_timeout_in_minutes": 0,
            "guid": "823ca72d-147b-414b-b370-5902dfc5c448",
            "id": "/subscriptions/0341e5b5-7768-47b1-9686-d4a1b9b9f581/resourceGroups/rg-casopractico2/providers/Microsoft.Network/virtualNetworks/virtual-network",
            "location": "swedencentral",
            "name": "virtual-network",
            "resource_group_name": "rg-casopractico2",
            "subnet": [],
            "tags": {
              "environment": "casopractico2"
            },
            "timeouts": null
          },
          "sensitive_attributes": [],
          "identity_schema_version": 0,
          "private": "eyJlMmJmYjczMC1lY2FhLTExZTYtOGY4OC0zNDM2M2JjN2M0YzAiOnsiY3JlYXRlIjoxODAwMDAwMDAwMDAwLCJkZWxldGUiOjE4MDAwMDAwMDAwMDAsInJlYWQiOjMwMDAwMDAwMDAwMCwidXBkYXRlIjoxODAwMDAwMDAwMDAwfX0=",
          "dependencies": [
            "azurerm_resource_group.rg"
          ]
        }
      ]
    }
  ],
  "check_results": null
}
